
Microsoft Visual Studio Solution File, Format Version 12.00
# Visual Studio Version 17
VisualStudioVersion = 17.5.33516.290
MinimumVisualStudioVersion = 10.0.40219.1
Project("{FAE04EC0-301F-11D3-BF4B-00C04F79EFBC}") = "ScheduleSumdu.Web", "ScheduleSumdu.Web\ScheduleSumdu.Web.csproj", "{57A9080A-76DB-4892-852A-D19C08B33287}"
EndProject
Global
	GlobalSection(SolutionConfigurationPlatforms) = preSolution
		Debug|Any CPU = Debug|Any CPU
		Release|Any CPU = Release|Any CPU
	EndGlobalSection
	GlobalSection(ProjectConfigurationPlatforms) = postSolution
		{57A9080A-76DB-4892-852A-D19C08B33287}.Debug|Any CPU.ActiveCfg = Debug|Any CPU
		{57A9080A-76DB-4892-852A-D19C08B33287}.Debug|Any CPU.Build.0 = Debug|Any CPU
		{57A9080A-76DB-4892-852A-D19C08B33287}.Release|Any CPU.ActiveCfg = Release|Any CPU
		{57A9080A-76DB-4892-852A-D19C08B33287}.Release|Any CPU.Build.0 = Release|Any CPU
	EndGlobalSection
	GlobalSection(SolutionProperties) = preSolution
		HideSolutionNode = FALSE
	EndGlobalSection
	GlobalSection(ExtensibilityGlobals) = postSolution
		SolutionGuid = {9D366656-91CA-4B57-B78B-2F89F8504E7D}
	EndGlobalSection
EndGlobal
